version = 1
revision = 3
requires-python = ">=3.10"

[options]
exclude-newer = "2026-06-04T22:15:49.231183Z"
exclude-newer-span = "P7D"

[options.exclude-newer-package]
dimos-viewer = false
dimos-lcm = false
lcm-dimos-fork = false
pyrealsense2-extended = false

[[package]]
name = "annotated-doc"
version = "0.0.4"
source = { registry = "https://pypi.org/simple" }
sdist = { url = "https://files.pythonhosted.org/packages/57/ba/046ceea27344560984e26a590f90bc7f4a75b06701f653222458922b558c/annotated_doc-0.0.4.tar.gz", hash = "sha256:fbcda96e87e9c92ad167c2e53839e57503ecfda18804ea28102353485033faa4", size = 7288, upload-time = "2025-11-10T22:07:42.062Z" }
wheels = [
    { url = "https://files.pythonhosted.org/packages/1e/d3/26bf1008eb3d2daa8ef4cacc7f3bfdc11818d111f7e2d0201bc6e3b49d45/annotated_doc-0.0.4-py3-none-any.whl", hash = "sha256:571ac1dc6991c450b25a9c2d84a3705e2ae7a53467b5d111c24fa8baabbed320", size = 5303, upload-time = "2025-11-10T22:07:40.673Z" },
]

[[package]]
name = "colorama"
version = "0.4.6"
source = { registry = "https://pypi.org/simple" }
sdist = { url = "https://files.pythonhosted.org/packages/d8/53/6f443c9a4a8358a93a6792e2acffb9d9d5cb0a5cfd8802644b7b1c9a02e4/colorama-0.4.6.tar.gz", hash = "sha256:08695f5cb7ed6e0531a20572697297273c47b8cae5a63ffc6d6ed5c201be6e44", size = 27697, upload-time = "2022-10-25T02:36:22.414Z" }
wheels = [
    { url = "https://files.pythonhosted.org/packages/d1/d6/3965ed04c63042e047cb6a3e6ed1a63a35087b6a609aa3a15ed8ac56c221/colorama-0.4.6-py2.py3-none-any.whl", hash = "sha256:4f1d9991f5acc0ca119f9d443620b77f9d6b33703e51011c16baf57afb285fc6", size = 25335, upload-time = "2022-10-25T02:36:20.889Z" },
]

[[package]]
name = "dimensional-gateway"
version = "0.1.0"
source = { editable = "." }
dependencies = [
    { name = "typer" },
    { name = "zeroconf" },
]

[package.metadata]
requires-dist = [
    { name = "typer", specifier = ">=0.9.0" },
    { name = "zeroconf", specifier = ">=0.131.0" },
]

[[package]]
name = "ifaddr"
version = "0.2.0"
source = { registry = "https://pypi.org/simple" }
sdist = { url = "https://files.pythonhosted.org/packages/e8/ac/fb4c578f4a3256561548cd825646680edcadb9440f3f68add95ade1eb791/ifaddr-0.2.0.tar.gz", hash = "sha256:cc0cbfcaabf765d44595825fb96a99bb12c79716b73b44330ea38ee2b0c4aed4", size = 10485, upload-time = "2022-06-15T21:40:27.561Z" }
wheels = [
    { url = "https://files.pythonhosted.org/packages/9c/1f/19ebc343cc71a7ffa78f17018535adc5cbdd87afb31d7c34874680148b32/ifaddr-0.2.0-py3-none-any.whl", hash = "sha256:085e0305cfe6f16ab12d72e2024030f5d52674afad6911bb1eee207177b8a748", size = 12314, upload-time = "2022-06-15T21:40:25.756Z" },
]

[[package]]
name = "markdown-it-py"
version = "4.2.0"
source = { registry = "https://pypi.org/simple" }
dependencies = [
    { name = "mdurl" },
]
sdist = { url = "https://files.pythonhosted.org/packages/06/ff/7841249c247aa650a76b9ee4bbaeae59370dc8bfd2f6c01f3630c35eb134/markdown_it_py-4.2.0.tar.gz", hash = "sha256:04a21681d6fbb623de53f6f364d352309d4094dd4194040a10fd51833e418d49", size = 82454, upload-time = "2026-05-07T12:08:28.36Z" }
wheels = [
    { url = "https://files.pythonhosted.org/packages/b3/81/4da04ced5a082363ecfa159c010d200ecbd959ae410c10c0264a38cac0f5/markdown_it_py-4.2.0-py3-none-any.whl", hash = "sha256:9f7ebbcd14fe59494226453aed97c1070d83f8d24b6fc3a3bcf9a38092641c4a", size = 91687, upload-time = "2026-05-07T12:08:27.182Z" },
]

[[package]]
name = "mdurl"
version = "0.1.2"
source = { registry = "https://pypi.org/simple" }
sdist = { url = "https://files.pythonhosted.org/packages/d6/54/cfe61301667036ec958cb99bd3efefba235e65cdeb9c84d24a8293ba1d90/mdurl-0.1.2.tar.gz", hash = "sha256:bb413d29f5eea38f31dd4754dd7377d4465116fb207585f97bf925588687c1ba", size = 8729, upload-time = "2022-08-14T12:40:10.846Z" }
wheels = [
    { url = "https://files.pythonhosted.org/packages/b3/38/89ba8ad64ae25be8de66a6d463314cf1eb366222074cfda9ee839c56a4b4/mdurl-0.1.2-py3-none-any.whl", hash = "sha256:84008a41e51615a49fc9966191ff91509e3c40b939176e643fd50a5c2196b8f8", size = 9979, upload-time = "2022-08-14T12:40:09.779Z" },
]

[[package]]
name = "pygments"
version = "2.20.0"
source = { registry = "https://pypi.org/simple" }
sdist = { url = "https://files.pythonhosted.org/packages/c3/b2/bc9c9196916376152d655522fdcebac55e66de6603a76a02bca1b6414f6c/pygments-2.20.0.tar.gz", hash = "sha256:6757cd03768053ff99f3039c1a36d6c0aa0b263438fcab17520b30a303a82b5f", size = 4955991, upload-time = "2026-03-29T13:29:33.898Z" }
wheels = [
    { url = "https://files.pythonhosted.org/packages/f4/7e/a72dd26f3b0f4f2bf1dd8923c85f7ceb43172af56d63c7383eb62b332364/pygments-2.20.0-py3-none-any.whl", hash = "sha256:81a9e26dd42fd28a23a2d169d86d7ac03b46e2f8b59ed4698fb4785f946d0176", size = 1231151, upload-time = "2026-03-29T13:29:30.038Z" },
]

[[package]]
name = "rich"
version = "15.0.0"
source = { registry = "https://pypi.org/simple" }
dependencies = [
    { name = "markdown-it-py" },
    { name = "pygments" },
]
sdist = { url = "https://files.pythonhosted.org/packages/c0/8f/0722ca900cc807c13a6a0c696dacf35430f72e0ec571c4275d2371fca3e9/rich-15.0.0.tar.gz", hash = "sha256:edd07a4824c6b40189fb7ac9bc4c52536e9780fbbfbddf6f1e2502c31b068c36", size = 230680, upload-time = "2026-04-12T08:24:00.75Z" }
wheels = [
    { url = "https://files.pythonhosted.org/packages/82/3b/64d4899d73f91ba49a8c18a8ff3f0ea8f1c1d75481760df8c68ef5235bf5/rich-15.0.0-py3-none-any.whl", hash = "sha256:33bd4ef74232fb73fe9279a257718407f169c09b78a87ad3d296f548e27de0bb", size = 310654, upload-time = "2026-04-12T08:24:02.83Z" },
]

[[package]]
name = "shellingham"
version = "1.5.4"
source = { registry = "https://pypi.org/simple" }
sdist = { url = "https://files.pythonhosted.org/packages/58/15/8b3609fd3830ef7b27b655beb4b4e9c62313a4e8da8c676e142cc210d58e/shellingham-1.5.4.tar.gz", hash = "sha256:8dbca0739d487e5bd35ab3ca4b36e11c4078f3a234bfce294b0a0291363404de", size = 10310, upload-time = "2023-10-24T04:13:40.426Z" }
wheels = [
    { url = "https://files.pythonhosted.org/packages/e0/f9/0595336914c5619e5f28a1fb793285925a8cd4b432c9da0a987836c7f822/shellingham-1.5.4-py2.py3-none-any.whl", hash = "sha256:7ecfff8f2fd72616f7481040475a65b2bf8af90a56c89140852d1120324e8686", size = 9755, upload-time = "2023-10-24T04:13:38.866Z" },
]

[[package]]
name = "typer"
version = "0.26.7"
source = { registry = "https://pypi.org/simple" }
dependencies = [
    { name = "annotated-doc" },
    { name = "colorama", marker = "sys_platform == 'win32'" },
    { name = "rich" },
    { name = "shellingham" },
]
sdist = { url = "https://files.pythonhosted.org/packages/5e/ed/ef06584ccdd5c410df0837951ecd7e15d9a6144ea1bd4c73cecab1a89891/typer-0.26.7.tar.gz", hash = "sha256:e314a34c617e419c091b2830dda3ea1f257134ff593061a8f5b9717ab8dddb3a", size = 201709, upload-time = "2026-06-03T07:18:06.843Z" }
wheels = [
    { url = "https://files.pythonhosted.org/packages/24/25/2201973529af2c954de0bb725323c3aaed6d7f0ceee8f550dec9185df013/typer-0.26.7-py3-none-any.whl", hash = "sha256:5c87cfbc5d34491c5346ebf49c23e18d56ccb863268d3a8d592b26087c2f5e58", size = 122456, upload-time = "2026-06-03T07:18:05.732Z" },
]

[[package]]
name = "zeroconf"
version = "0.149.16"
source = { registry = "https://pypi.org/simple" }
dependencies = [
    { name = "ifaddr" },
]
sdist = { url = "https://files.pythonhosted.org/packages/83/34/c981e760690f7b7dc91532d4d4ad21e3922887aaa425a0e7bff8067152da/zeroconf-0.149.16.tar.gz", hash = "sha256:5e6b5a3b153c2cc2a8d9e6f6f189ec5638f7d9c86fc3e88a6c53eb6863761a5e", size = 196586, upload-time = "2026-05-21T14:04:17.781Z" }
wheels = [
    { url = "https://files.pythonhosted.org/packages/ef/d2/1d69613f0a05a13cf95e11ed49c018ec300a2929ac1adf650082a6dca716/zeroconf-0.149.16-cp310-cp310-macosx_11_0_arm64.whl", hash = "sha256:d42d6726c9d010e51d57fce8c5d4627a1b3d0589dfedfc55277a8fe0d127f83f", size = 1676520, upload-time = "2026-05-21T14:31:14.144Z" },
    { url = "https://files.pythonhosted.org/packages/09/84/59f4d11c2a91db810dc8c757860e06c9b0b20e6988a904faa1086ac09ff0/zeroconf-0.149.16-cp310-cp310-manylinux2014_aarch64.manylinux_2_17_aarch64.manylinux_2_28_aarch64.whl", hash = "sha256:2e53b2754dd1a56c388a3f60a51000f658b690198ca7dd70ff6f6e7971f7ed9b", size = 2159375, upload-time = "2026-05-21T14:31:16.932Z" },
    { url = "https://files.pythonhosted.org/packages/9d/36/409e54a4aaeec2a2667ff1a3c82b1ee6d42e4b925b3249ed1a6af650b783/zeroconf-0.149.16-cp310-cp310-manylinux2014_armv7l.manylinux_2_17_armv7l.manylinux_2_31_armv7l.whl", hash = "sha256:b306b239abcfde7467b8b667e50c626bb2c9be85ecfd5dbeea033ed7f76eb759", size = 1933094, upload-time = "2026-05-21T14:31:19.02Z" },
    { url = "https://files.pythonhosted.org/packages/dd/5b/8991121f410f74215ccfac1d0e8b423361f089e29c7ab34fa96efeda1f94/zeroconf-0.149.16-cp310-cp310-manylinux2014_x86_64.manylinux_2_17_x86_64.manylinux_2_28_x86_64.whl", hash = "sha256:0a99d2d4f9a0a58bd226b935ff0cec6fc854ea59d48c83890acd95d6aef5e634", size = 2243868, upload-time = "2026-05-21T14:31:20.872Z" },
    { url = "https://files.pythonhosted.org/packages/ce/7a/2bd7d271bb817d5e4a20e089cdab97bb8d1298315604e519a223a1639385/zeroconf-0.149.16-cp310-cp310-manylinux_2_31_riscv64.manylinux_2_39_riscv64.whl", hash = "sha256:848840d21c772987f6f25877bff34c1530b128a636d80a733018581eb0354430", size = 2197721, upload-time = "2026-05-21T14:31:22.744Z" },
    { url = "https://files.pythonhosted.org/packages/e4/d1/a5df1f2406856f3150b17238fc758baf7849595978e794f59fcd224873b6/zeroconf-0.149.16-cp310-cp310-musllinux_1_2_aarch64.whl", hash = "sha256:b950eb95dc5b6aa92d9f626f9e7aff9c01137a54a1e453b52a68555fcaae3800", size = 2185241, upload-time = "2026-05-21T14:31:24.443Z" },
    { url = "https://files.pythonhosted.org/packages/4c/7f/9efe38cf8d435835ec723c159645986b81a104c6396fe469750befcca0e6/zeroconf-0.149.16-cp310-cp310-musllinux_1_2_armv7l.whl", hash = "sha256:7c024873a6bf5b6f2db680480f1c4406c3369f032d1759dd2a26cca5f4e02c09", size = 1990225, upload-time = "2026-05-21T14:31:25.97Z" },
    { url = "https://files.pythonhosted.org/packages/16/f7/06a6a7142e3870f07ca7698a88f004b945f2d243c99a2cc76ad13f5113d4/zeroconf-0.149.16-cp310-cp310-musllinux_1_2_riscv64.whl", hash = "sha256:9927cae46232685c903dfab028d0711151ca3cb56756795a268607eda4d1ec9f", size = 2204703, upload-time = "2026-05-21T14:31:28.157Z" },
    { url = "https://files.pythonhosted.org/packages/3e/50/12a8a80cc2ed065148abd042ecb2113901b9a1ecab2147ea260c516a7dc2/zeroconf-0.149.16-cp310-cp310-musllinux_1_2_x86_64.whl", hash = "sha256:a7de0b296ca902a92edfd513436e3ca8fa446c85d34482b6cd2b281c632b8cb9", size = 2264959, upload-time = "2026-05-21T14:31:29.972Z" },
    { url = "https://files.pythonhosted.org/packages/1c/84/ee6ad05d33333dad0ae10da7d9b299ee2528471b15fd564afb3e6f3b5ff7/zeroconf-0.149.16-cp310-cp310-win32.whl", hash = "sha256:0c410379b035d773082d09812e5517accf70eb604f816bbdd38c54f6549b3679", size = 1284784, upload-time = "2026-05-21T14:31:31.552Z" },
    { url = "https://files.pythonhosted.org/packages/b0/e9/1ee0864eb8b9cbfa927e5f3bd3045dae35656817f81f32160e2892b362a9/zeroconf-0.149.16-cp310-cp310-win_amd64.whl", hash = "sha256:85c19ef841feab8f16be29f57550595f05ed123dcbf82afcc8a45c38f683864e", size = 1513734, upload-time = "2026-05-21T14:31:33.363Z" },
    { url = "https://files.pythonhosted.org/packages/d9/4e/e0c1a9a0b5b80ab286c8269a653068960e3ec280bd54d5fd137bbf8960bd/zeroconf-0.149.16-cp311-cp311-macosx_11_0_arm64.whl", hash = "sha256:d04ed04cda62f787c0378270724333f5707f560b1fa51489ac4677a2fa99cb90", size = 1672025, upload-time = "2026-05-21T14:31:35.507Z" },
    { url = "https://files.pythonhosted.org/packages/c4/76/db455e0663e2043f368f81b78387f678ff68beb0a18d3acd29b4fa1e5af4/zeroconf-0.149.16-cp311-cp311-manylinux2014_aarch64.manylinux_2_17_aarch64.manylinux_2_28_aarch64.whl", hash = "sha256:f8b18624311eb11aeeea2ac85fd0ff2763d22f25a2d282110efb91b66c8e43b0", size = 2154441, upload-time = "2026-05-21T14:31:37.142Z" },
    { url = "https://files.pythonhosted.org/packages/8f/f0/296c719ea8829f3f4ef457a80b3ebd40c7b75283482d3b18cabaf28552cb/zeroconf-0.149.16-cp311-cp311-manylinux2014_armv7l.manylinux_2_17_armv7l.manylinux_2_31_armv7l.whl", hash = "sha256:8457aee89e1e561835e1abd32816eb2cdf4888af54f4c15e2d94326c1a467bb7", size = 1924672, upload-time = "2026-05-21T14:31:38.907Z" },
    { url = "https://files.pythonhosted.org/packages/cd/6a/1e8a987a2b2805a59d355cd2e1d5fce03bc1da8859a0efcad4edb26892af/zeroconf-0.149.16-cp311-cp311-manylinux2014_x86_64.manylinux_2_17_x86_64.manylinux_2_28_x86_64.whl", hash = "sha256:414bf6758e4e389162a6d00c179c0eafd8932a36e58bb3791570eafbb194c28a", size = 2236440, upload-time = "2026-05-21T14:31:42.846Z" },
    { url = "https://files.pythonhosted.org/packages/c6/24/11364b8db6a5db39e8fdaf0d89923c5ac1f33478f5bf53cc76ba5ef05da6/zeroconf-0.149.16-cp311-cp311-manylinux_2_31_riscv64.manylinux_2_39_riscv64.whl", hash = "sha256:7f9aaf85163be00178aeee4d02644d9ccbe8273ab52fa43e12d7d9f78a4d0cde", size = 2195767, upload-time = "2026-05-21T14:31:44.401Z" },
    { url = "https://files.pythonhosted.org/packages/f7/3d/735eb897ba82213c307a04c4910b3924faf08669e4221f6f54744acc9aff/zeroconf-0.149.16-cp311-cp311-musllinux_1_2_aarch64.whl", hash = "sha256:f117a9b49d735cfa101514df6c1ca52d01ad98be55896d4b9cc63eed64840bea", size = 2179382, upload-time = "2026-05-21T14:31:46.324Z" },
    { url = "https://files.pythonhosted.org/packages/2f/0a/7befcb3646d25051762218d911c554bbfd6492f3076c6f17ac3d02ca8e09/zeroconf-0.149.16-cp311-cp311-musllinux_1_2_armv7l.whl", hash = "sha256:63c4f279d18ecb6bcd8d3b6c34c4ae3bfb34a57321b0303b35683e13a2048fd9", size = 1977895, upload-time = "2026-05-21T14:31:48.105Z" },
    { url = "https://files.pythonhosted.org/packages/f6/89/378dcd9b3567597d560e2dbe92931653b6cf0e6f258492615aed3d5c6d8b/zeroconf-0.149.16-cp311-cp311-musllinux_1_2_riscv64.whl", hash = "sha256:8d2545501c6d4711fa9cfbe2f731f409156c40ddf5e822b5b461445e1b1aafdb", size = 2201422, upload-time = "2026-05-21T14:31:50.083Z" },
    { url = "https://files.pythonhosted.org/packages/41/aa/82e4902a95ca8c22094f8fbf9cec4712ef22ff7fc171bb4aa4bf0d51d6f1/zeroconf-0.149.16-cp311-cp311-musllinux_1_2_x86_64.whl", hash = "sha256:c96231f5f5fbd101c55257bb5e57c9a0bde36a6259104637c40afa941db0b367", size = 2258970, upload-time = "2026-05-21T14:31:52.178Z" },
    { url = "https://files.pythonhosted.org/packages/42/a7/70b6e6e999dd9594d6205f88e1aeb50d9173a2648ef15f313f2e9b1902b9/zeroconf-0.149.16-cp311-cp311-win32.whl", hash = "sha256:dad44dfcf58b7919247e0d12bde93a05296dedcccf00bae772a98f9be5a854c0", size = 1275248, upload-time = "2026-05-21T14:31:54.836Z" },
    { url = "https://files.pythonhosted.org/packages/de/f4/678d0d04e27bc25db1cbe252d3055f2bb35df0e7e7b2428d4a84be8e6cbe/zeroconf-0.149.16-cp311-cp311-win_amd64.whl", hash = "sha256:7a1ad0c328fe79172ef654dd5fa79e819c757cde06e38e520a40b7cbbbfe0753", size = 1517265, upload-time = "2026-05-21T14:31:56.55Z" },
    { url = "https://files.pythonhosted.org/packages/62/3c/a34998e51b9923ce7446c06016df1dca4dce3fe9074d7673678dfb939fb7/zeroconf-0.149.16-cp312-cp312-macosx_11_0_arm64.whl", hash = "sha256:e1d403ca6145268664af9d87a7522f9ad7e5e388482db0d4b055553616564087", size = 1676206, upload-time = "2026-05-21T14:31:58.331Z" },
    { url = "https://files.pythonhosted.org/packages/6b/24/07eaf020c2f206dfd35378db721e81e9f48792d8f6297663763ca9739157/zeroconf-0.149.16-cp312-cp312-manylinux2014_aarch64.manylinux_2_17_aarch64.manylinux_2_28_aarch64.whl", hash = "sha256:50c9ec1fb46e336ca7b098d44cae5fc21baf9d44cd758b776c06b453b2d3d73e", size = 2076988, upload-time = "2026-05-21T14:32:00.114Z" },
    { url = "https://files.pythonhosted.org/packages/f5/71/3ea6bbd4151e2afc9249fa6c345c68f5fffafcb608a0147b3a4e49df75d3/zeroconf-0.149.16-cp312-cp312-manylinux2014_armv7l.manylinux_2_17_armv7l.manylinux_2_31_armv7l.whl", hash = "sha256:95b8681ab0a3209d04debc96818998bcc86642be32a17b17f6ecda5d7ff560f9", size = 1879896, upload-time = "2026-05-21T14:32:02.172Z" },
    { url = "https://files.pythonhosted.org/packages/ad/21/9dd0d3a9587155b7efd10d5f5484df836c2ec2b54ae719ef1c972a9a90a9/zeroconf-0.149.16-cp312-cp312-manylinux2014_x86_64.manylinux_2_17_x86_64.manylinux_2_28_x86_64.whl", hash = "sha256:65b312685ef3e12284f907c07217df3c6873438313ce0e6cf53e01a182aaf0c4", size = 2175116, upload-time = "2026-05-21T14:32:04.072Z" },
    { url = "https://files.pythonhosted.org/packages/63/1c/452e418d4fadb10118ea381056099714eec5cec42d6fbee7f28eeebb41d2/zeroconf-0.149.16-cp312-cp312-manylinux_2_31_riscv64.manylinux_2_39_riscv64.whl", hash = "sha256:5ca881fbf6edd21651b247710cdaa7b72593982bb65433bcf80c509df9550d12", size = 2110395, upload-time = "2026-05-21T14:32:06.524Z" },
    { url = "https://files.pythonhosted.org/packages/2a/0f/1883b7bed80fd33627c802593b49377e2aa0a458c430ebc3710cfce062ac/zeroconf-0.149.16-cp312-cp312-musllinux_1_2_aarch64.whl", hash = "sha256:1ea9acdb58407bb73c11cad6d4965bdc01bec3c2284727c4a482d444f943092c", size = 2101220, upload-time = "2026-05-21T14:32:08.557Z" },
    { url = "https://files.pythonhosted.org/packages/fb/d6/460c6a4ebbd350935073fb7501b38d143791e8478d737934cae296fffc4a/zeroconf-0.149.16-cp312-cp312-musllinux_1_2_armv7l.whl", hash = "sha256:cf3e109ec0181bab93ac954b17f2921eebac28a97c81ebf3559aeaad7a3b7a67", size = 1969601, upload-time = "2026-05-21T14:32:10.435Z" },
    { url = "https://files.pythonhosted.org/packages/4e/7e/f4bdad2ba7623e131907db61ce436bdb3bbef7e08917448170b87aa11446/zeroconf-0.149.16-cp312-cp312-musllinux_1_2_riscv64.whl", hash = "sha256:4fd08c930004ffaad2dc192762f9a2cd7f1db34b5fb1a36f38993dde2c4d55d9", size = 2114226, upload-time = "2026-05-21T14:32:12.331Z" },
    { url = "https://files.pythonhosted.org/packages/b1/fd/7b5c0244c8db96e79c355ebb48865663ada68de096d02d09e743861b1662/zeroconf-0.149.16-cp312-cp312-musllinux_1_2_x86_64.whl", hash = "sha256:a46c8fc8a4133574484b24b6bef3ae46e7e0958167d2c44ee84cc2edff2b4c9f", size = 2196367, upload-time = "2026-05-21T14:32:14.314Z" },
    { url = "https://files.pythonhosted.org/packages/3b/42/ba94573fa62df4e623d7e7a0ca68e2aab644c729e83c64117da39ef7f9a3/zeroconf-0.149.16-cp312-cp312-win32.whl", hash = "sha256:48e0847568b35d3ccce0eaf0546313d3f35541f794f244097e6c8e80e75ec78c", size = 1272101, upload-time = "2026-05-21T14:32:16.168Z" },
    { url = "https://files.pythonhosted.org/packages/03/bb/f829895ed725d58e5891632e7b2c507b4f88508d2d301b57452ce57190ab/zeroconf-0.149.16-cp312-cp312-win_amd64.whl", hash = "sha256:813c9f0223c97d67970b4013cedeea072a28c0809962d58750d00d502066d2d0", size = 1508797, upload-time = "2026-05-21T14:32:17.93Z" },
    { url = "https://files.pythonhosted.org/packages/e0/f9/ebaa279ecdb453c7b09d4ee20fef74d8684e2d9b76ea5b6fca7bb39e0d73/zeroconf-0.149.16-cp313-cp313-macosx_11_0_arm64.whl", hash = "sha256:575a548bdc820223e2360fdcf56fb1eea4d8345f286c441c3ef1cd8f68d853f1", size = 1662398, upload-time = "2026-05-21T14:32:19.878Z" },
    { url = "https://files.pythonhosted.org/packages/17/db/18b63b074b966f6374d03d8cd62a5276ab8796021dc798bf79c4723a04ab/zeroconf-0.149.16-cp313-cp313-manylinux2014_aarch64.manylinux_2_17_aarch64.manylinux_2_28_aarch64.whl", hash = "sha256:58efbb338f1ac44b62cfe92999e4476c2051288729de2f6ba8939c977acdd0c5", size = 2070137, upload-time = "2026-05-21T14:32:21.848Z" },
    { url = "https://files.pythonhosted.org/packages/83/55/3f0803f6c6c006761b236117e440e00815c366568ffead49a99a83b10295/zeroconf-0.149.16-cp313-cp313-manylinux2014_armv7l.manylinux_2_17_armv7l.manylinux_2_31_armv7l.whl", hash = "sha256:a14610cc2eb90e1530e042183c9ea6981260cdcb97c4ecc7b11ca3749a433664", size = 1875696, upload-time = "2026-05-21T14:32:23.686Z" },
    { url = "https://files.pythonhosted.org/packages/7c/9e/8a7eef9c9c4af9f5a90e95703db1adbfc932453d01679f719f84323bcf0a/zeroconf-0.149.16-cp313-cp313-manylinux2014_x86_64.manylinux_2_17_x86_64.manylinux_2_28_x86_64.whl", hash = "sha256:b6cb2873ae74265e28756f83454d1fde53eaaed9bc380bb43ccb2ac42b4b5a5a", size = 2169690, upload-time = "2026-05-21T14:32:25.558Z" },
    { url = "https://files.pythonhosted.org/packages/6d/dc/0bd920ece38ca90053d330dee74a1f01089cb0eb7bc7632cf7e87f412311/zeroconf-0.149.16-cp313-cp313-manylinux_2_31_riscv64.manylinux_2_39_riscv64.whl", hash = "sha256:74fedb7c4a073cdc410770e54c27e8c87072c5a4e68eb8d680c0111c84364c0d", size = 2106805, upload-time = "2026-05-21T14:32:27.821Z" },
    { url = "https://files.pythonhosted.org/packages/b5/14/26ce98ef1420aa46a5b02ef24349cf41218313726481949d67807213e218/zeroconf-0.149.16-cp313-cp313-musllinux_1_2_aarch64.whl", hash = "sha256:b76b7228db26895090ff0e156ef8e193039e971c443d3c14fa8589f08bae2c6e", size = 2100414, upload-time = "2026-05-21T14:32:29.67Z" },
    { url = "https://files.pythonhosted.org/packages/1e/aa/3a2a09a4f2699ddb7506ef0b802d41b6858d09224c42a9b672ea9db8a086/zeroconf-0.149.16-cp313-cp313-musllinux_1_2_armv7l.whl", hash = "sha256:cd4b56d4951d62a6e7629286877c123703ac27b2a35e7744a63cc860ee3aaf39", size = 1963115, upload-time = "2026-05-21T14:32:31.448Z" },
    { url = "https://files.pythonhosted.org/packages/24/d9/74f5e6f4530dfb615f3ecc1d23c4ac72b6c86b1bdd4a6fe9dab15466f609/zeroconf-0.149.16-cp313-cp313-musllinux_1_2_riscv64.whl", hash = "sha256:7c1003a992ef65a10a29194630a58c2bfd4a87b9117a161c2ad9a1773d8191e1", size = 2117608, upload-time = "2026-05-21T14:32:33.41Z" },
    { url = "https://files.pythonhosted.org/packages/15/69/cb4ed1b97ab3a4f4d8a328439c2050211f6826cefec2d0bd6e0bcd59b4bd/zeroconf-0.149.16-cp313-cp313-musllinux_1_2_x86_64.whl", hash = "sha256:63d48d9ed65f2bf05d237fc42773dab74d8ddf6d241c88e65297769c5ba87931", size = 2193839, upload-time = "2026-05-21T14:32:35.479Z" },
    { url = "https://files.pythonhosted.org/packages/be/d9/064323d0b9ba42e93c9afd9db3aa6d14c7ddbfe07dc242d897c5f9abf7b5/zeroconf-0.149.16-cp313-cp313-win32.whl", hash = "sha256:9dbff444474354460f19b592b1f57b72688f23455d8f208f616ca49e8ecbc4ef", size = 1269059, upload-time = "2026-05-21T14:32:37.584Z" },
    { url = "https://files.pythonhosted.org/packages/11/77/c15f97a2e3e373bd6e1431238028700f5537667e502d7fa0b218619ac6ad/zeroconf-0.149.16-cp313-cp313-win_amd64.whl", hash = "sha256:8f669e6aed52feaf73316a6205eff09696bfddce3e4f39fbc2c6e28500366dda", size = 1505791, upload-time = "2026-05-21T14:32:39.903Z" },
    { url = "https://files.pythonhosted.org/packages/f3/d8/6524389c593f6963224cc0604bdb0424f97a7baa0417690120a652bfbba5/zeroconf-0.149.16-cp314-cp314-macosx_11_0_arm64.whl", hash = "sha256:379ee7aadefffa2be227a501025356ef9685397a38b471df42032c30eff9e54d", size = 1678965, upload-time = "2026-05-21T14:32:41.797Z" },
    { url = "https://files.pythonhosted.org/packages/09/17/a7c58cb389ee7f344a30014ba16c2badbf85eb4cc0ae5c89bedd74070561/zeroconf-0.149.16-cp314-cp314-manylinux2014_aarch64.manylinux_2_17_aarch64.manylinux_2_28_aarch64.whl", hash = "sha256:cb7fb399b475ec1d18cfef70ffce89bd168a37f3f5db9387ce37d7a180baa678", size = 2095711, upload-time = "2026-05-21T14:32:43.718Z" },
    { url = "https://files.pythonhosted.org/packages/92/3a/de0fff96e52cc04441f6194aa3db2b8e4e886b93b5c5ece370db5e921f14/zeroconf-0.149.16-cp314-cp314-manylinux2014_armv7l.manylinux_2_17_armv7l.manylinux_2_31_armv7l.whl", hash = "sha256:57029dca8e6c9be83bd94130d41f6e1c2ce8b3f4678480b27bf24aa2053ade24", size = 1852716, upload-time = "2026-05-21T14:32:45.675Z" },
    { url = "https://files.pythonhosted.org/packages/df/ac/d067e60f39ceee21e3c12b1ed7181743001b46c331b3657717d7b0f8eab2/zeroconf-0.149.16-cp314-cp314-manylinux2014_x86_64.manylinux_2_17_x86_64.manylinux_2_28_x86_64.whl", hash = "sha256:fa4576c6d9b029ea425c2fffa586dd5d25295ec78d28b219f35e9a2d6786cb7f", size = 2182010, upload-time = "2026-05-21T14:32:47.845Z" },
    { url = "https://files.pythonhosted.org/packages/1e/1e/6e7d8b87d59b6cb81127377aa8a8008c3dabe3f12d7fc0b709ef29bfcc86/zeroconf-0.149.16-cp314-cp314-manylinux_2_31_riscv64.manylinux_2_39_riscv64.whl", hash = "sha256:d58bd30d137402f101b1b7e5c7ab508632e101007fea38f3b3907e983cd32789", size = 2117823, upload-time = "2026-05-21T14:32:49.768Z" },
    { url = "https://files.pythonhosted.org/packages/22/53/d5ca316708c3fa1c81423b88aa778f9d19e8bd48ca8dc3d035e53f687844/zeroconf-0.149.16-cp314-cp314-manylinux_2_41_x86_64.whl", hash = "sha256:1559b089d58e47a057a68cfe36e9910acc01d500b2d51ae410a38dbda5d66230", size = 2178304, upload-time = "2026-05-21T14:04:14.129Z" },
    { url = "https://files.pythonhosted.org/packages/9e/8d/1d139ddf2c9e8484c14a5cf5dd08033513a894e061843fe64ffee9c30f64/zeroconf-0.149.16-cp314-cp314-musllinux_1_2_aarch64.whl", hash = "sha256:ddf6db171e2a44dda0cb68956c50e165a6f106b0f4ec480575ff2ef91134dfef", size = 2126907, upload-time = "2026-05-21T14:32:52.089Z" },
    { url = "https://files.pythonhosted.org/packages/39/a6/e85aae306295b7bdd66e53f01fe62c18da6fd9a93cb89033950c52b536b9/zeroconf-0.149.16-cp314-cp314-musllinux_1_2_armv7l.whl", hash = "sha256:5d8308cad249e52fc7466c2a9315438d42e9a142c5c33f622b60601d9f0e7ef7", size = 1934204, upload-time = "2026-05-21T14:32:54.064Z" },
    { url = "https://files.pythonhosted.org/packages/07/f1/26b033222d669d7e96a3a1b2cdb252905686288d9071ea96716b8899d548/zeroconf-0.149.16-cp314-cp314-musllinux_1_2_riscv64.whl", hash = "sha256:56a14eb52d65c683a180f91d007c87ff7922a5f6e839dd1fb74d81675d783111", size = 2127389, upload-time = "2026-05-21T14:32:56.182Z" },
    { url = "https://files.pythonhosted.org/packages/70/92/b57d3569ad362f57ab9dd1f5a48c22c2a81fe0dedf5e31c92b7853b109d4/zeroconf-0.149.16-cp314-cp314-musllinux_1_2_x86_64.whl", hash = "sha256:f817bf1b0319885882a208511249e5e2fe5ceb02fe3a9060ce295f064d13c3bd", size = 2204573, upload-time = "2026-05-21T14:32:58.303Z" },
    { url = "https://files.pythonhosted.org/packages/ad/7c/35d5ac05eaed8de2f39af47ea9501244a98ffe2a70b1ddfac04d06a1b070/zeroconf-0.149.16-cp314-cp314-win32.whl", hash = "sha256:aad4b1941354bf7d0b4005b22495e6fc99218e37c9ebf0f556da9cf1ac94060f", size = 1301124, upload-time = "2026-05-21T14:33:00.147Z" },
    { url = "https://files.pythonhosted.org/packages/09/64/ee0c34a953c474a2c512252cd2bfd5932882afbc9519adceb3102d1c4261/zeroconf-0.149.16-cp314-cp314-win_amd64.whl", hash = "sha256:f0814028202457aac116f4315c8eff407b77aa0b441b0f27a60ac83699a04641", size = 1544411, upload-time = "2026-05-21T14:33:02.193Z" },
    { url = "https://files.pythonhosted.org/packages/a5/4b/e8e2208c874b381264b21bac29aef50212c5e357988ff009200c7ed32074/zeroconf-0.149.16-cp314-cp314t-macosx_11_0_arm64.whl", hash = "sha256:35301c63f8dd0328e1e78fc8444cdc39bd472e6cda2570dd185b78126f576c41", size = 3354872, upload-time = "2026-05-21T14:33:04.485Z" },
    { url = "https://files.pythonhosted.org/packages/7a/73/b6b017f67d745c37c1ebc4cde3c51ff10edcd88adf7a6924c21105b175bd/zeroconf-0.149.16-cp314-cp314t-manylinux2014_aarch64.manylinux_2_17_aarch64.manylinux_2_28_aarch64.whl", hash = "sha256:2bdd9052521a7795d6386021b1346a8f87ec66da6a917d904a327e947a6c87ce", size = 4010851, upload-time = "2026-05-21T14:33:06.692Z" },
    { url = "https://files.pythonhosted.org/packages/69/5b/9e5e15e5b0428a25b768348cdec870d533b0a54fe6f0e773630329fbd159/zeroconf-0.149.16-cp314-cp314t-manylinux2014_armv7l.manylinux_2_17_armv7l.manylinux_2_31_armv7l.whl", hash = "sha256:3e77d9235a33a79ebe57fa711fe5a1f9a225e64b2964ab329d320d22cdcf1486", size = 3556413, upload-time = "2026-05-21T14:33:09.547Z" },
    { url = "https://files.pythonhosted.org/packages/ef/24/8d8a89e2775a86e4bd1501ff91db689320bcfc7b93f725d8530f42211cfa/zeroconf-0.149.16-cp314-cp314t-manylinux2014_x86_64.manylinux_2_17_x86_64.manylinux_2_28_x86_64.whl", hash = "sha256:79cb12a3a189cf20a5903af3a76fc0a12d32b44a1e75391c0c4875d82d959843", size = 4166790, upload-time = "2026-05-21T14:33:12.107Z" },
    { url = "https://files.pythonhosted.org/packages/f0/f3/7c8f1d999d37d8c6f186cad6b5eacfc270fadb3412bf6dcd354e1696e4fc/zeroconf-0.149.16-cp314-cp314t-manylinux_2_31_riscv64.manylinux_2_39_riscv64.whl", hash = "sha256:752942a1a803cc4aa1dc83227d0ce408912b8c5f7b22db0d9ee9b6541cb1f32b", size = 4039796, upload-time = "2026-05-21T14:33:14.288Z" },
    { url = "https://files.pythonhosted.org/packages/78/0c/f0d563de36cb4c6b7c68cbe588a0ffe129a12f1b59d880b6216dde967f05/zeroconf-0.149.16-cp314-cp314t-musllinux_1_2_aarch64.whl", hash = "sha256:37b93d889804f029d782059f77d22073b7fcff055a3e48f414164e2a79dd758b", size = 4075206, upload-time = "2026-05-21T14:33:16.623Z" },
    { url = "https://files.pythonhosted.org/packages/4f/65/df2cb77eefde839cd095f8262a41044be851130dce5ed84125896dd5e9b4/zeroconf-0.149.16-cp314-cp314t-musllinux_1_2_armv7l.whl", hash = "sha256:9aa9ba48ceec11f5b768a81335409672eff294d7ac9c6ac5dcbcc1b0d3538a49", size = 3707566, upload-time = "2026-05-21T14:33:18.79Z" },
    { url = "https://files.pythonhosted.org/packages/34/59/d76eabba71dca1cb17ad806ed79ad9c96f5150304cf4cfc532a9db30edcf/zeroconf-0.149.16-cp314-cp314t-musllinux_1_2_riscv64.whl", hash = "sha256:2f5a409d2df93e02137d4cd86c6bcab5636ee4b80bc40963eb1ece32a631c848", size = 4065727, upload-time = "2026-05-21T14:33:21.374Z" },
    { url = "https://files.pythonhosted.org/packages/8a/9f/a830a10b69844cc3f3e5bb82a1622b9757e627c5d68236f58ebbfe6c16b1/zeroconf-0.149.16-cp314-cp314t-musllinux_1_2_x86_64.whl", hash = "sha256:25ace9939767ed7bda7da6d08be50ba3ad90a9055ddbc28288d5c8d080a7c7c3", size = 4215403, upload-time = "2026-05-21T14:33:23.571Z" },
    { url = "https://files.pythonhosted.org/packages/0e/74/0f52fd22323e7142dc9a72b5f46ba6e8170835a5d7fc15325ab98f574569/zeroconf-0.149.16-cp314-cp314t-win32.whl", hash = "sha256:f8445c04cdb544a3aa58e5e30cb54dfd4c1cb82ab6389e7155872fa1c7ba7c0f", size = 2595104, upload-time = "2026-05-21T14:33:25.958Z" },
    { url = "https://files.pythonhosted.org/packages/8e/fd/f44626de06585216091baef6da5c56ea834f36de4ec754e2a2a79b659987/zeroconf-0.149.16-cp314-cp314t-win_amd64.whl", hash = "sha256:fc77736d1b8c22c1ad2c13d48aab0374a75f8aa1a21bae075478eb1c54a2c1bf", size = 3103203, upload-time = "2026-05-21T14:33:28.109Z" },
]
